
Microsoft Visual Studio Solution File, Format Version 12.00
# Visual Studio Version 16
VisualStudioVersion = 16.0.29418.71
MinimumVisualStudioVersion = 10.0.40219.1
Project("{FAE04EC0-301F-11D3-BF4B-00C04F79EFBC}") = "Financial_Portfolio", "Financial_Portfolio.csproj", "{A200AC6C-8C0B-41B7-9DA9-83FC7C42F657}"
EndProject
Global
	GlobalSection(SolutionConfigurationPlatforms) = preSolution
		Debug|Any CPU = Debug|Any CPU
		Release|Any CPU = Release|Any CPU
	EndGlobalSection
	GlobalSection(ProjectConfigurationPlatforms) = postSolution
		{A200AC6C-8C0B-41B7-9DA9-83FC7C42F657}.Debug|Any CPU.ActiveCfg = Debug|Any CPU
		{A200AC6C-8C0B-41B7-9DA9-83FC7C42F657}.Debug|Any CPU.Build.0 = Debug|Any CPU
		{A200AC6C-8C0B-41B7-9DA9-83FC7C42F657}.Release|Any CPU.ActiveCfg = Release|Any CPU
		{A200AC6C-8C0B-41B7-9DA9-83FC7C42F657}.Release|Any CPU.Build.0 = Release|Any CPU
	EndGlobalSection
	GlobalSection(SolutionProperties) = preSolution
		HideSolutionNode = FALSE
	EndGlobalSection
	GlobalSection(ExtensibilityGlobals) = postSolution
		SolutionGuid = {E1B6BFBD-8D94-4E6F-9BB3-7EFF32D65F55}
	EndGlobalSection
EndGlobal
